<?xml version="1.0" encoding="utf-8"?>
<Project ToolsVersion="4.0" xmlns="http://schemas.microsoft.com/developer/msbuild/2003">
  <ItemGroup>
    <Filter Include="Source Files">
      <UniqueIdentifier>{4FC737F1-C7A5-4376-A066-2A32D752A2FF}</UniqueIdentifier>
      <Extensions>cpp;c;cc;cxx;c++;cppm;ixx;def;odl;idl;hpj;bat;asm;asmx</Extensions>
    </Filter>
    <Filter Include="Header Files">
      <UniqueIdentifier>{93995380-89BD-4b04-88EB-625FBE52EBFB}</UniqueIdentifier>
      <Extensions>h;hh;hpp;hxx;h++;hm;inl;inc;ipp;xsd</Extensions>
    </Filter>
    <Filter Include="Resource Files">
      <UniqueIdentifier>{67DA6AB6-F800-4c08-8B7A-83BB121AAD01}</UniqueIdentifier>
      <Extensions>rc;ico;cur;bmp;dlg;rc2;rct;bin;rgs;gif;jpg;jpeg;jpe;resx;tiff;tif;png;wav;mfcribbon-ms</Extensions>
    </Filter>
  </ItemGroup>
  <ItemGroup>
    <ClCompile Include="dllmain.cpp">
      <Filter>Source Files</Filter>
    </ClCompile>
    <ClCompile Include="Server\Private\GameMode.cpp">
      <Filter>Source Files</Filter>
    </ClCompile>
    <ClCompile Include="Server\Private\NetDriver.cpp">
      <Filter>Source Files</Filter>
    </ClCompile>
    <ClCompile Include="Server\SDK\SDK\FortniteGame_functions.cpp">
      <Filter>Source Files</Filter>
    </ClCompile>
    <ClCompile Include="Server\SDK\SDK\Engine_functions.cpp">
      <Filter>Source Files</Filter>
    </ClCompile>
    <ClCompile Include="Server\SDK\SDK\CoreUObject_functions.cpp">
      <Filter>Source Files</Filter>
    </ClCompile>
    <ClCompile Include="Server\SDK\SDK\Basic.cpp">
      <Filter>Source Files</Filter>
    </ClCompile>
    <ClCompile Include="Server\SDK\SDK\GameplayAbilities_functions.cpp">
      <Filter>Source Files</Filter>
    </ClCompile>
    <ClCompile Include="Server\Private\Utils.cpp">
      <Filter>Source Files</Filter>
    </ClCompile>
    <ClCompile Include="Server\Private\Player.cpp">
      <Filter>Source Files</Filter>
    </ClCompile>
    <ClCompile Include="Server\Private\Abilities.cpp">
      <Filter>Source Files</Filter>
    </ClCompile>
    <ClCompile Include="Server\SDK\SDK\ValetRuntime_functions.cpp">
      <Filter>Source Files</Filter>
    </ClCompile>
    <ClCompile Include="Server\Private\Misc.cpp">
      <Filter>Source Files</Filter>
    </ClCompile>
    <ClCompile Include="Server\SDK\SDK\CommonConversationRuntime_functions.cpp">
      <Filter>Source Files</Filter>
    </ClCompile>
    <ClCompile Include="Server\SDK\SDK\GameplayTags_functions.cpp">
      <Filter>Source Files</Filter>
    </ClCompile>
    <ClCompile Include="Server\Private\FortInventory.cpp">
      <Filter>Source Files</Filter>
    </ClCompile>
    <ClCompile Include="Server\Private\xp.cpp">
      <Filter>Source Files</Filter>
    </ClCompile>
    <ClCompile Include="Server\Private\Vehicles.cpp">
      <Filter>Source Files</Filter>
    </ClCompile>
  </ItemGroup>
  <ItemGroup>
    <ClInclude Include="Server\Public\Framework.h">
      <Filter>Header Files</Filter>
    </ClInclude>
    <ClInclude Include="Server\Public\Offsets.h">
      <Filter>Header Files</Filter>
    </ClInclude>
    <ClInclude Include="Server\Public\GameMode.h">
      <Filter>Header Files</Filter>
    </ClInclude>
    <ClInclude Include="Server\Public\NetDriver.h">
      <Filter>Header Files</Filter>
    </ClInclude>
    <ClInclude Include="Server\SDK\PropertyFixup.hpp">
      <Filter>Header Files</Filter>
    </ClInclude>
    <ClInclude Include="Server\SDK\SDK.hpp">
      <Filter>Header Files</Filter>
    </ClInclude>
    <ClInclude Include="Server\SDK\UnrealContainers.hpp">
      <Filter>Header Files</Filter>
    </ClInclude>
    <ClInclude Include="Vendor\MinHook\MinHook.h">
      <Filter>Header Files</Filter>
    </ClInclude>
    <ClInclude Include="Server\Public\Utils.h">
      <Filter>Header Files</Filter>
    </ClInclude>
    <ClInclude Include="Server\Public\Player.h">
      <Filter>Header Files</Filter>
    </ClInclude>
    <ClInclude Include="Server\Public\Abilities.h">
      <Filter>Header Files</Filter>
    </ClInclude>
    <ClInclude Include="Server\Public\Misc.h">
      <Filter>Header Files</Filter>
    </ClInclude>
    <ClInclude Include="Vendor\Memcury.h">
      <Filter>Header Files</Filter>
    </ClInclude>
    <ClInclude Include="Vendor\cpr\accept_encoding.h">
      <Filter>Header Files</Filter>
    </ClInclude>
    <ClInclude Include="Vendor\cpr\api.h">
      <Filter>Header Files</Filter>
    </ClInclude>
    <ClInclude Include="Vendor\cpr\async.h">
      <Filter>Header Files</Filter>
    </ClInclude>
    <ClInclude Include="Vendor\cpr\async_wrapper.h">
      <Filter>Header Files</Filter>
    </ClInclude>
    <ClInclude Include="Vendor\cpr\auth.h">
      <Filter>Header Files</Filter>
    </ClInclude>
    <ClInclude Include="Vendor\cpr\bearer.h">
      <Filter>Header Files</Filter>
    </ClInclude>
    <ClInclude Include="Vendor\cpr\body.h">
      <Filter>Header Files</Filter>
    </ClInclude>
    <ClInclude Include="Vendor\cpr\buffer.h">
      <Filter>Header Files</Filter>
    </ClInclude>
    <ClInclude Include="Vendor\cpr\callback.h">
      <Filter>Header Files</Filter>
    </ClInclude>
    <ClInclude Include="Vendor\cpr\cert_info.h">
      <Filter>Header Files</Filter>
    </ClInclude>
    <ClInclude Include="Vendor\cpr\connect_timeout.h">
      <Filter>Header Files</Filter>
    </ClInclude>
    <ClInclude Include="Vendor\cpr\cookies.h">
      <Filter>Header Files</Filter>
    </ClInclude>
    <ClInclude Include="Vendor\cpr\cpr.h">
      <Filter>Header Files</Filter>
    </ClInclude>
    <ClInclude Include="Vendor\cpr\cprtypes.h">
      <Filter>Header Files</Filter>
    </ClInclude>
    <ClInclude Include="Vendor\cpr\cprver.h">
      <Filter>Header Files</Filter>
    </ClInclude>
    <ClInclude Include="Vendor\cpr\curlholder.h">
      <Filter>Header Files</Filter>
    </ClInclude>
    <ClInclude Include="Vendor\cpr\curlmultiholder.h">
      <Filter>Header Files</Filter>
    </ClInclude>
    <ClInclude Include="Vendor\cpr\curl\curl.h">
      <Filter>Header Files</Filter>
    </ClInclude>
    <ClInclude Include="Vendor\cpr\curl\curlver.h">
      <Filter>Header Files</Filter>
    </ClInclude>
    <ClInclude Include="Vendor\cpr\curl\easy.h">
      <Filter>Header Files</Filter>
    </ClInclude>
    <ClInclude Include="Vendor\cpr\curl\header.h">
      <Filter>Header Files</Filter>
    </ClInclude>
    <ClInclude Include="Vendor\cpr\curl\mprintf.h">
      <Filter>Header Files</Filter>
    </ClInclude>
    <ClInclude Include="Vendor\cpr\curl\multi.h">
      <Filter>Header Files</Filter>
    </ClInclude>
    <ClInclude Include="Vendor\cpr\curl\options.h">
      <Filter>Header Files</Filter>
    </ClInclude>
    <ClInclude Include="Vendor\cpr\curl\stdcheaders.h">
      <Filter>Header Files</Filter>
    </ClInclude>
    <ClInclude Include="Vendor\cpr\curl\system.h">
      <Filter>Header Files</Filter>
    </ClInclude>
    <ClInclude Include="Vendor\cpr\curl\typecheck-gcc.h">
      <Filter>Header Files</Filter>
    </ClInclude>
    <ClInclude Include="Vendor\cpr\curl\urlapi.h">
      <Filter>Header Files</Filter>
    </ClInclude>
    <ClInclude Include="Vendor\cpr\curl\websockets.h">
      <Filter>Header Files</Filter>
    </ClInclude>
    <ClInclude Include="Vendor\cpr\curl_container.h">
      <Filter>Header Files</Filter>
    </ClInclude>
    <ClInclude Include="Vendor\cpr\error.h">
      <Filter>Header Files</Filter>
    </ClInclude>
    <ClInclude Include="Vendor\cpr\file.h">
      <Filter>Header Files</Filter>
    </ClInclude>
    <ClInclude Include="Vendor\cpr\filesystem.h">
      <Filter>Header Files</Filter>
    </ClInclude>
    <ClInclude Include="Vendor\cpr\http_version.h">
      <Filter>Header Files</Filter>
    </ClInclude>
    <ClInclude Include="Vendor\cpr\interceptor.h">
      <Filter>Header Files</Filter>
    </ClInclude>
    <ClInclude Include="Vendor\cpr\interface.h">
      <Filter>Header Files</Filter>
    </ClInclude>
    <ClInclude Include="Vendor\cpr\limit_rate.h">
      <Filter>Header Files</Filter>
    </ClInclude>
    <ClInclude Include="Vendor\cpr\local_port.h">
      <Filter>Header Files</Filter>
    </ClInclude>
    <ClInclude Include="Vendor\cpr\local_port_range.h">
      <Filter>Header Files</Filter>
    </ClInclude>
    <ClInclude Include="Vendor\cpr\low_speed.h">
      <Filter>Header Files</Filter>
    </ClInclude>
    <ClInclude Include="Vendor\cpr\multipart.h">
      <Filter>Header Files</Filter>
    </ClInclude>
    <ClInclude Include="Vendor\cpr\multiperform.h">
      <Filter>Header Files</Filter>
    </ClInclude>
    <ClInclude Include="Vendor\cpr\parameters.h">
      <Filter>Header Files</Filter>
    </ClInclude>
    <ClInclude Include="Vendor\cpr\payload.h">
      <Filter>Header Files</Filter>
    </ClInclude>
    <ClInclude Include="Vendor\cpr\proxies.h">
      <Filter>Header Files</Filter>
    </ClInclude>
    <ClInclude Include="Vendor\cpr\proxyauth.h">
      <Filter>Header Files</Filter>
    </ClInclude>
    <ClInclude Include="Vendor\cpr\range.h">
      <Filter>Header Files</Filter>
    </ClInclude>
    <ClInclude Include="Vendor\cpr\redirect.h">
      <Filter>Header Files</Filter>
    </ClInclude>
    <ClInclude Include="Vendor\cpr\reserve_size.h">
      <Filter>Header Files</Filter>
    </ClInclude>
    <ClInclude Include="Vendor\cpr\resolve.h">
      <Filter>Header Files</Filter>
    </ClInclude>
    <ClInclude Include="Vendor\cpr\response.h">
      <Filter>Header Files</Filter>
    </ClInclude>
    <ClInclude Include="Vendor\cpr\session.h">
      <Filter>Header Files</Filter>
    </ClInclude>
    <ClInclude Include="Vendor\cpr\singleton.h">
      <Filter>Header Files</Filter>
    </ClInclude>
    <ClInclude Include="Vendor\cpr\ssl_ctx.h">
      <Filter>Header Files</Filter>
    </ClInclude>
    <ClInclude Include="Vendor\cpr\ssl_options.h">
      <Filter>Header Files</Filter>
    </ClInclude>
    <ClInclude Include="Vendor\cpr\status_codes.h">
      <Filter>Header Files</Filter>
    </ClInclude>
    <ClInclude Include="Vendor\cpr\threadpool.h">
      <Filter>Header Files</Filter>
    </ClInclude>
    <ClInclude Include="Vendor\cpr\timeout.h">
      <Filter>Header Files</Filter>
    </ClInclude>
    <ClInclude Include="Vendor\cpr\unix_socket.h">
      <Filter>Header Files</Filter>
    </ClInclude>
    <ClInclude Include="Vendor\cpr\user_agent.h">
      <Filter>Header Files</Filter>
    </ClInclude>
    <ClInclude Include="Vendor\cpr\util.h">
      <Filter>Header Files</Filter>
    </ClInclude>
    <ClInclude Include="Vendor\cpr\verbose.h">
      <Filter>Header Files</Filter>
    </ClInclude>
    <ClInclude Include="Vendor\json.hpp">
      <Filter>Header Files</Filter>
    </ClInclude>
    <ClInclude Include="Vendor\cpr\mutex.h">
      <Filter>Header Files</Filter>
    </ClInclude>
    <ClInclude Include="Server\Public\FortInvetory.h">
      <Filter>Header Files</Filter>
    </ClInclude>
    <ClInclude Include="Server\Public\XP.h">
      <Filter>Header Files</Filter>
    </ClInclude>
    <ClInclude Include="Server\Public\Vehicles.h">
      <Filter>Header Files</Filter>
    </ClInclude>
    <ClInclude Include="Server\Public\Llamas.h">
      <Filter>Header Files</Filter>
    </ClInclude>
  </ItemGroup>
  <ItemGroup>
    <Library Include="Vendor\MinHook\minhook.lib" />
  </ItemGroup>
</Project>